
Microsoft Visual Studio Solution File, Format Version 12.00
# Visual Studio Version 16
VisualStudioVersion = 16.0.30114.105
MinimumVisualStudioVersion = 10.0.40219.1
Project("{FAE04EC0-301F-11D3-BF4B-00C04F79EFBC}") = "RL.Gnu.libc", "libc\RL.Gnu.libc.csproj", "{64BC89CC-EA70-4FD2-82C2-D36795DB533E}"
EndProject
Project("{FAE04EC0-301F-11D3-BF4B-00C04F79EFBC}") = "libc-console", "libc-console\libc-console.csproj", "{CF88517C-6ABB-4F2C-BC89-663D3FDC0DDF}"
EndProject
Project("{FAE04EC0-301F-11D3-BF4B-00C04F79EFBC}") = "libc-nunit", "libc-nunit\libc-nunit.csproj", "{39313C16-36E2-43F4-95A5-C31352D81CA7}"
EndProject
Global
	GlobalSection(SolutionConfigurationPlatforms) = preSolution
		Debug|Any CPU = Debug|Any CPU
		Release|Any CPU = Release|Any CPU
	EndGlobalSection
	GlobalSection(SolutionProperties) = preSolution
		HideSolutionNode = FALSE
	EndGlobalSection
	GlobalSection(ProjectConfigurationPlatforms) = postSolution
		{64BC89CC-EA70-4FD2-82C2-D36795DB533E}.Debug|Any CPU.ActiveCfg = Debug|Any CPU
		{64BC89CC-EA70-4FD2-82C2-D36795DB533E}.Debug|Any CPU.Build.0 = Debug|Any CPU
		{64BC89CC-EA70-4FD2-82C2-D36795DB533E}.Release|Any CPU.ActiveCfg = Release|Any CPU
		{64BC89CC-EA70-4FD2-82C2-D36795DB533E}.Release|Any CPU.Build.0 = Release|Any CPU
		{CF88517C-6ABB-4F2C-BC89-663D3FDC0DDF}.Debug|Any CPU.ActiveCfg = Debug|Any CPU
		{CF88517C-6ABB-4F2C-BC89-663D3FDC0DDF}.Debug|Any CPU.Build.0 = Debug|Any CPU
		{CF88517C-6ABB-4F2C-BC89-663D3FDC0DDF}.Release|Any CPU.ActiveCfg = Release|Any CPU
		{CF88517C-6ABB-4F2C-BC89-663D3FDC0DDF}.Release|Any CPU.Build.0 = Release|Any CPU
		{39313C16-36E2-43F4-95A5-C31352D81CA7}.Debug|Any CPU.ActiveCfg = Debug|Any CPU
		{39313C16-36E2-43F4-95A5-C31352D81CA7}.Debug|Any CPU.Build.0 = Debug|Any CPU
		{39313C16-36E2-43F4-95A5-C31352D81CA7}.Release|Any CPU.ActiveCfg = Release|Any CPU
		{39313C16-36E2-43F4-95A5-C31352D81CA7}.Release|Any CPU.Build.0 = Release|Any CPU
	EndGlobalSection
EndGlobal
